{
    "_readme": [
        "This file locks the dependencies of your project to a known state",
        "Read more about it at https://getcomposer.org/doc/01-basic-usage.md#installing-dependencies",
        "This file is @generated automatically"
    ],
    "content-hash": "7c4eacfc4e16f73d4b30b02cad9d966f",
    "packages": [
        {
            "name": "adbario/php-dot-notation",
            "version": "2.2.0",
            "source": {
                "type": "git",
                "url": "https://github.com/adbario/php-dot-notation.git",
                "reference": "eee4fc81296531e6aafba4c2bbccfc5adab1676e"
            },
            "dist": {
                "type": "zip",
                "url": "https://api.github.com/repos/adbario/php-dot-notation/zipball/eee4fc81296531e6aafba4c2bbccfc5adab1676e",
                "reference": "eee4fc81296531e6aafba4c2bbccfc5adab1676e",
                "shasum": ""
            },
            "require": {
                "ext-json": "*",
                "php": ">=5.5"
            },
            "require-dev": {
                "phpunit/phpunit": "^4.0|^5.0|^6.0",
                "squizlabs/php_codesniffer": "^3.0"
            },
            "type": "library",
            "autoload": {
                "files": [
                    "src/helpers.php"
                ],
                "psr-4": {
                    "Adbar\\": "src"
                }
            },
            "notification-url": "https://packagist.org/downloads/",
            "license": [
                "MIT"
            ],
            "authors": [
                {
                    "name": "Riku Särkinen",
                    "email": "riku@adbar.io"
                }
            ],
            "description": "PHP dot notation access to arrays",
            "homepage": "https://github.com/adbario/php-dot-notation",
            "keywords": [
                "ArrayAccess",
                "dotnotation"
            ],
            "time": "2019-01-01T23:59:15+00:00"
        },
        {
            "name": "clue/stream-filter",
            "version": "v1.5.0",
            "source": {
                "type": "git",
                "url": "https://github.com/clue/stream-filter.git",
                "reference": "aeb7d8ea49c7963d3b581378955dbf5bc49aa320"
            },
            "dist": {
                "type": "zip",
                "url": "https://api.github.com/repos/clue/stream-filter/zipball/aeb7d8ea49c7963d3b581378955dbf5bc49aa320",
                "reference": "aeb7d8ea49c7963d3b581378955dbf5bc49aa320",
                "shasum": ""
            },
            "require": {
                "php": ">=5.3"
            },
            "require-dev": {
                "phpunit/phpunit": "^9.3 || ^5.7 || ^4.8.36"
            },
            "type": "library",
            "autoload": {
                "psr-4": {
                    "Clue\\StreamFilter\\": "src/"
                },
                "files": [
                    "src/functions_include.php"
                ]
            },
            "notification-url": "https://packagist.org/downloads/",
            "license": [
                "MIT"
            ],
            "authors": [
                {
                    "name": "Christian Lück",
                    "email": "christian@clue.engineering"
                }
            ],
            "description": "A simple and modern approach to stream filtering in PHP",
            "homepage": "https://github.com/clue/php-stream-filter",
            "keywords": [
                "bucket brigade",
                "callback",
                "filter",
                "php_user_filter",
                "stream",
                "stream_filter_append",
                "stream_filter_register"
            ],
            "time": "2020-10-02T12:38:20+00:00"
        },
        {
            "name": "maximebf/debugbar",
            "version": "v1.16.5",
            "source": {
                "type": "git",
                "url": "https://github.com/maximebf/php-debugbar.git",
                "reference": "6d51ee9e94cff14412783785e79a4e7ef97b9d62"
            },
            "dist": {
                "type": "zip",
                "url": "https://api.github.com/repos/maximebf/php-debugbar/zipball/6d51ee9e94cff14412783785e79a4e7ef97b9d62",
                "reference": "6d51ee9e94cff14412783785e79a4e7ef97b9d62",
                "shasum": ""
            },
            "require": {
                "php": "^7.1|^8",
                "psr/log": "^1.0",
                "symfony/var-dumper": "^2.6|^3|^4|^5"
            },
            "require-dev": {
                "phpunit/phpunit": "^7.5.20 || ^9.4.2"
            },
            "suggest": {
                "kriswallsmith/assetic": "The best way to manage assets",
                "monolog/monolog": "Log using Monolog",
                "predis/predis": "Redis storage"
            },
            "type": "library",
            "extra": {
                "branch-alias": {
                    "dev-master": "1.16-dev"
                }
            },
            "autoload": {
                "psr-4": {
                    "DebugBar\\": "src/DebugBar/"
                }
            },
            "notification-url": "https://packagist.org/downloads/",
            "license": [
                "MIT"
            ],
            "authors": [
                {
                    "name": "Maxime Bouroumeau-Fuseau",
                    "email": "maxime.bouroumeau@gmail.com",
                    "homepage": "http://maximebf.com"
                },
                {
                    "name": "Barry vd. Heuvel",
                    "email": "barryvdh@gmail.com"
                }
            ],
            "description": "Debug bar in the browser for php application",
            "homepage": "https://github.com/maximebf/php-debugbar",
            "keywords": [
                "debug",
                "debugbar"
            ],
            "time": "2020-12-07T11:07:24+00:00"
        },
        {
            "name": "mso/idna-convert",
            "version": "v1.1.0",
            "source": {
                "type": "git",
                "url": "https://github.com/algo26-matthias/idna-convert.git",
                "reference": "a6dfb6f87611e3a89d2eec4924a0f51db755c573"
            },
            "dist": {
                "type": "zip",
                "url": "https://api.github.com/repos/algo26-matthias/idna-convert/zipball/a6dfb6f87611e3a89d2eec4924a0f51db755c573",
                "reference": "a6dfb6f87611e3a89d2eec4924a0f51db755c573",
                "shasum": ""
            },
            "require": {
                "ext-pcre": "*",
                "php": ">=5.6.0"
            },
            "type": "library",
            "extra": {
                "branch-alias": {
                    "dev-master": "1.0.x-dev"
                }
            },
            "autoload": {
                "psr-4": {
                    "Mso\\IdnaConvert\\": "src"
                }
            },
            "notification-url": "https://packagist.org/downloads/",
            "license": [
                "LGPL-2.1+"
            ],
            "authors": [
                {
                    "name": "Matthias Sommerfeld",
                    "email": "mso@phlylabs.de",
                    "role": "Developer"
                }
            ],
            "description": "A library for encoding and decoding internationalized domain names",
            "homepage": "http://idnaconv.net/",
            "keywords": [
                "idn",
                "idna",
                "php"
            ],
            "abandoned": "algo26-matthias/idna-convert",
            "time": "2016-06-19T18:08:43+00:00"
        },
        {
            "name": "mustangostang/spyc",
            "version": "0.5.1",
            "source": {
                "type": "git",
                "url": "https://github.com/mustangostang/spyc.git",
                "reference": "dc4785b4d7227fd9905e086d499fb8abfadf9977"
            },
            "dist": {
                "type": "zip",
                "url": "https://api.github.com/repos/mustangostang/spyc/zipball/dc4785b4d7227fd9905e086d499fb8abfadf9977",
                "reference": "dc4785b4d7227fd9905e086d499fb8abfadf9977",
                "shasum": ""
            },
            "require": {
                "php": ">=5.3.1"
            },
            "type": "library",
            "extra": {
                "branch-alias": {
                    "dev-master": "0.5.x-dev"
                }
            },
            "autoload": {
                "files": [
                    "Spyc.php"
                ]
            },
            "notification-url": "https://packagist.org/downloads/",
            "license": [
                "MIT License"
            ],
            "authors": [
                {
                    "name": "mustangostang",
                    "email": "vlad.andersen@gmail.com"
                }
            ],
            "description": "A simple YAML loader/dumper class for PHP",
            "homepage": "https://github.com/mustangostang/spyc/",
            "keywords": [
                "spyc",
                "yaml",
                "yml"
            ],
            "time": "2013-02-21T10:52:01+00:00"
        },
        {
            "name": "php-http/discovery",
            "version": "1.13.0",
            "source": {
                "type": "git",
                "url": "https://github.com/php-http/discovery.git",
                "reference": "788f72d64c43dc361e7fcc7464c3d947c64984a7"
            },
            "dist": {
                "type": "zip",
                "url": "https://api.github.com/repos/php-http/discovery/zipball/788f72d64c43dc361e7fcc7464c3d947c64984a7",
                "reference": "788f72d64c43dc361e7fcc7464c3d947c64984a7",
                "shasum": ""
            },
            "require": {
                "php": "^7.1 || ^8.0"
            },
            "conflict": {
                "nyholm/psr7": "<1.0"
            },
            "require-dev": {
                "graham-campbell/phpspec-skip-example-extension": "^5.0",
                "php-http/httplug": "^1.0 || ^2.0",
                "php-http/message-factory": "^1.0",
                "phpspec/phpspec": "^5.1 || ^6.1",
                "puli/composer-plugin": "1.0.0-beta10"
            },
            "suggest": {
                "php-http/message": "Allow to use Guzzle, Diactoros or Slim Framework factories",
                "puli/composer-plugin": "Sets up Puli which is recommended for Discovery to work. Check http://docs.php-http.org/en/latest/discovery.html for more details."
            },
            "type": "library",
            "extra": {
                "branch-alias": {
                    "dev-master": "1.9-dev"
                }
            },
            "autoload": {
                "psr-4": {
                    "Http\\Discovery\\": "src/"
                }
            },
            "notification-url": "https://packagist.org/downloads/",
            "license": [
                "MIT"
            ],
            "authors": [
                {
                    "name": "Márk Sági-Kazár",
                    "email": "mark.sagikazar@gmail.com"
                }
            ],
            "description": "Finds installed HTTPlug implementations and PSR-7 message factories",
            "homepage": "http://php-http.org",
            "keywords": [
                "adapter",
                "client",
                "discovery",
                "factory",
                "http",
                "message",
                "psr7"
            ],
            "time": "2020-11-27T14:49:42+00:00"
        },
        {
            "name": "php-http/guzzle5-adapter",
            "version": "2.0.0",
            "source": {
                "type": "git",
                "url": "https://github.com/php-http/guzzle5-adapter.git",
                "reference": "cce48360b1f8a3467bd94e853e6107aa4532008e"
            },
            "dist": {
                "type": "zip",
                "url": "https://api.github.com/repos/php-http/guzzle5-adapter/zipball/cce48360b1f8a3467bd94e853e6107aa4532008e",
                "reference": "cce48360b1f8a3467bd94e853e6107aa4532008e",
                "shasum": ""
            },
            "require": {
                "guzzlehttp/guzzle": "^5.1",
                "php": "^7.0",
                "php-http/discovery": "^1.0",
                "php-http/httplug": "^2.0"
            },
            "provide": {
                "php-http/client-implementation": "1.0",
                "psr/http-client-implementation": "1.0"
            },
            "require-dev": {
                "ext-curl": "*",
                "guzzlehttp/ringphp": "^1.1",
                "php-http/client-integration-tests": "^2.0",
                "phpunit/phpunit": "^6.0 || ^7.0"
            },
            "type": "library",
            "extra": {
                "branch-alias": {
                    "dev-master": "2.0-dev"
                }
            },
            "autoload": {
                "psr-4": {
                    "Http\\Adapter\\Guzzle5\\": "src/"
                }
            },
            "notification-url": "https://packagist.org/downloads/",
            "license": [
                "MIT"
            ],
            "authors": [
                {
                    "name": "Eric GELOEN",
                    "email": "geloen.eric@gmail.com"
                },
                {
                    "name": "Márk Sági-Kazár",
                    "email": "mark.sagikazar@gmail.com"
                }
            ],
            "description": "Guzzle 5 HTTP Adapter",
            "homepage": "http://httplug.io",
            "keywords": [
                "Guzzle",
                "http"
            ],
            "time": "2019-02-05T12:28:45+00:00"
        },
        {
            "name": "php-http/httplug",
            "version": "2.2.0",
            "source": {
                "type": "git",
                "url": "https://github.com/php-http/httplug.git",
                "reference": "191a0a1b41ed026b717421931f8d3bd2514ffbf9"
            },
            "dist": {
                "type": "zip",
                "url": "https://api.github.com/repos/php-http/httplug/zipball/191a0a1b41ed026b717421931f8d3bd2514ffbf9",
                "reference": "191a0a1b41ed026b717421931f8d3bd2514ffbf9",
                "shasum": ""
            },
            "require": {
                "php": "^7.1 || ^8.0",
                "php-http/promise": "^1.1",
                "psr/http-client": "^1.0",
                "psr/http-message": "^1.0"
            },
            "require-dev": {
                "friends-of-phpspec/phpspec-code-coverage": "^4.1",
                "phpspec/phpspec": "^5.1 || ^6.0"
            },
            "type": "library",
            "extra": {
                "branch-alias": {
                    "dev-master": "2.x-dev"
                }
            },
            "autoload": {
                "psr-4": {
                    "Http\\Client\\": "src/"
                }
            },
            "notification-url": "https://packagist.org/downloads/",
            "license": [
                "MIT"
            ],
            "authors": [
                {
                    "name": "Eric GELOEN",
                    "email": "geloen.eric@gmail.com"
                },
                {
                    "name": "Márk Sági-Kazár",
                    "email": "mark.sagikazar@gmail.com",
                    "homepage": "https://sagikazarmark.hu"
                }
            ],
            "description": "HTTPlug, the HTTP client abstraction for PHP",
            "homepage": "http://httplug.io",
            "keywords": [
                "client",
                "http"
            ],
            "time": "2020-07-13T15:43:23+00:00"
        },
        {
            "name": "php-http/message",
            "version": "1.11.0",
            "source": {
                "type": "git",
                "url": "https://github.com/php-http/message.git",
                "reference": "fb0dbce7355cad4f4f6a225f537c34d013571f29"
            },
            "dist": {
                "type": "zip",
                "url": "https://api.github.com/repos/php-http/message/zipball/fb0dbce7355cad4f4f6a225f537c34d013571f29",
                "reference": "fb0dbce7355cad4f4f6a225f537c34d013571f29",
                "shasum": ""
            },
            "require": {
                "clue/stream-filter": "^1.5",
                "php": "^7.1 || ^8.0",
                "php-http/message-factory": "^1.0.2",
                "psr/http-message": "^1.0"
            },
            "provide": {
                "php-http/message-factory-implementation": "1.0"
            },
            "require-dev": {
                "ergebnis/composer-normalize": "^2.6",
                "ext-zlib": "*",
                "guzzlehttp/psr7": "^1.0",
                "laminas/laminas-diactoros": "^2.0",
                "phpspec/phpspec": "^5.1 || ^6.3",
                "slim/slim": "^3.0"
            },
            "suggest": {
                "ext-zlib": "Used with compressor/decompressor streams",
                "guzzlehttp/psr7": "Used with Guzzle PSR-7 Factories",
                "laminas/laminas-diactoros": "Used with Diactoros Factories",
                "slim/slim": "Used with Slim Framework PSR-7 implementation"
            },
            "type": "library",
            "extra": {
                "branch-alias": {
                    "dev-master": "1.10-dev"
                }
            },
            "autoload": {
                "psr-4": {
                    "Http\\Message\\": "src/"
                },
                "files": [
                    "src/filters.php"
                ]
            },
            "notification-url": "https://packagist.org/downloads/",
            "license": [
                "MIT"
            ],
            "authors": [
                {
                    "name": "Márk Sági-Kazár",
                    "email": "mark.sagikazar@gmail.com"
                }
            ],
            "description": "HTTP Message related tools",
            "homepage": "http://php-http.org",
            "keywords": [
                "http",
                "message",
                "psr-7"
            ],
            "time": "2021-02-01T08:54:58+00:00"
        },
        {
            "name": "php-http/message-factory",
            "version": "v1.0.2",
            "source": {
                "type": "git",
                "url": "https://github.com/php-http/message-factory.git",
                "reference": "a478cb11f66a6ac48d8954216cfed9aa06a501a1"
            },
            "dist": {
                "type": "zip",
                "url": "https://api.github.com/repos/php-http/message-factory/zipball/a478cb11f66a6ac48d8954216cfed9aa06a501a1",
                "reference": "a478cb11f66a6ac48d8954216cfed9aa06a501a1",
                "shasum": ""
            },
            "require": {
                "php": ">=5.4",
                "psr/http-message": "^1.0"
            },
            "type": "library",
            "extra": {
                "branch-alias": {
                    "dev-master": "1.0-dev"
                }
            },
            "autoload": {
                "psr-4": {
                    "Http\\Message\\": "src/"
                }
            },
            "notification-url": "https://packagist.org/downloads/",
            "license": [
                "MIT"
            ],
            "authors": [
                {
                    "name": "Márk Sági-Kazár",
                    "email": "mark.sagikazar@gmail.com"
                }
            ],
            "description": "Factory interfaces for PSR-7 HTTP Message",
            "homepage": "http://php-http.org",
            "keywords": [
                "factory",
                "http",
                "message",
                "stream",
                "uri"
            ],
            "time": "2015-12-19T14:08:53+00:00"
        },
        {
            "name": "php-http/promise",
            "version": "1.1.0",
            "source": {
                "type": "git",
                "url": "https://github.com/php-http/promise.git",
                "reference": "4c4c1f9b7289a2ec57cde7f1e9762a5789506f88"
            },
            "dist": {
                "type": "zip",
                "url": "https://api.github.com/repos/php-http/promise/zipball/4c4c1f9b7289a2ec57cde7f1e9762a5789506f88",
                "reference": "4c4c1f9b7289a2ec57cde7f1e9762a5789506f88",
                "shasum": ""
            },
            "require": {
                "php": "^7.1 || ^8.0"
            },
            "require-dev": {
                "friends-of-phpspec/phpspec-code-coverage": "^4.3.2",
                "phpspec/phpspec": "^5.1.2 || ^6.2"
            },
            "type": "library",
            "extra": {
                "branch-alias": {
                    "dev-master": "1.1-dev"
                }
            },
            "autoload": {
                "psr-4": {
                    "Http\\Promise\\": "src/"
                }
            },
            "notification-url": "https://packagist.org/downloads/",
            "license": [
                "MIT"
            ],
            "authors": [
                {
                    "name": "Joel Wurtz",
                    "email": "joel.wurtz@gmail.com"
                },
                {
                    "name": "Márk Sági-Kazár",
                    "email": "mark.sagikazar@gmail.com"
                }
            ],
            "description": "Promise used for asynchronous HTTP requests",
            "homepage": "http://httplug.io",
            "keywords": [
                "promise"
            ],
            "time": "2020-07-07T09:29:14+00:00"
        },
        {
            "name": "piwik/ini",
            "version": "1.0.8",
            "source": {
                "type": "git",
                "url": "https://github.com/matomo-org/component-ini.git",
                "reference": "663d4fdedd8f344407fd1599e623f41912fe2ebd"
            },
            "dist": {
                "type": "zip",
                "url": "https://api.github.com/repos/matomo-org/component-ini/zipball/663d4fdedd8f344407fd1599e623f41912fe2ebd",
                "reference": "663d4fdedd8f344407fd1599e623f41912fe2ebd",
                "shasum": ""
            },
            "require": {
                "php": ">=5.3.3"
            },
            "require-dev": {
                "athletic/athletic": "0.1.*",
                "phpunit/phpunit": "~4.0"
            },
            "type": "library",
            "autoload": {
                "psr-4": {
                    "Piwik\\Ini\\": "src/"
                }
            },
            "notification-url": "https://packagist.org/downloads/",
            "license": [
                "LGPL-3.0"
            ],
            "abandoned": "matomo/ini",
            "time": "2019-12-21T20:06:47+00:00"
        },
        {
            "name": "psr/cache",
            "version": "1.0.1",
            "source": {
                "type": "git",
                "url": "https://github.com/php-fig/cache.git",
                "reference": "d11b50ad223250cf17b86e38383413f5a6764bf8"
            },
            "dist": {
                "type": "zip",
                "url": "https://api.github.com/repos/php-fig/cache/zipball/d11b50ad223250cf17b86e38383413f5a6764bf8",
                "reference": "d11b50ad223250cf17b86e38383413f5a6764bf8",
                "shasum": ""
            },
            "require": {
                "php": ">=5.3.0"
            },
            "type": "library",
            "extra": {
                "branch-alias": {
                    "dev-master": "1.0.x-dev"
                }
            },
            "autoload": {
                "psr-4": {
                    "Psr\\Cache\\": "src/"
                }
            },
            "notification-url": "https://packagist.org/downloads/",
            "license": [
                "MIT"
            ],
            "authors": [
                {
                    "name": "PHP-FIG",
                    "homepage": "http://www.php-fig.org/"
                }
            ],
            "description": "Common interface for caching libraries",
            "keywords": [
                "cache",
                "psr",
                "psr-6"
            ],
            "time": "2016-08-06T20:24:11+00:00"
        },
        {
            "name": "psr/http-client",
            "version": "1.0.1",
            "source": {
                "type": "git",
                "url": "https://github.com/php-fig/http-client.git",
                "reference": "2dfb5f6c5eff0e91e20e913f8c5452ed95b86621"
            },
            "dist": {
                "type": "zip",
                "url": "https://api.github.com/repos/php-fig/http-client/zipball/2dfb5f6c5eff0e91e20e913f8c5452ed95b86621",
                "reference": "2dfb5f6c5eff0e91e20e913f8c5452ed95b86621",
                "shasum": ""
            },
            "require": {
                "php": "^7.0 || ^8.0",
                "psr/http-message": "^1.0"
            },
            "type": "library",
            "extra": {
                "branch-alias": {
                    "dev-master": "1.0.x-dev"
                }
            },
            "autoload": {
                "psr-4": {
                    "Psr\\Http\\Client\\": "src/"
                }
            },
            "notification-url": "https://packagist.org/downloads/",
            "license": [
                "MIT"
            ],
            "authors": [
                {
                    "name": "PHP-FIG",
                    "homepage": "http://www.php-fig.org/"
                }
            ],
            "description": "Common interface for HTTP clients",
            "homepage": "https://github.com/php-fig/http-client",
            "keywords": [
                "http",
                "http-client",
                "psr",
                "psr-18"
            ],
            "time": "2020-06-29T06:28:15+00:00"
        },
        {
            "name": "psr/http-message",
            "version": "1.0.1",
            "source": {
                "type": "git",
                "url": "https://github.com/php-fig/http-message.git",
                "reference": "f6561bf28d520154e4b0ec72be95418abe6d9363"
            },
            "dist": {
                "type": "zip",
                "url": "https://api.github.com/repos/php-fig/http-message/zipball/f6561bf28d520154e4b0ec72be95418abe6d9363",
                "reference": "f6561bf28d520154e4b0ec72be95418abe6d9363",
                "shasum": ""
            },
            "require": {
                "php": ">=5.3.0"
            },
            "type": "library",
            "extra": {
                "branch-alias": {
                    "dev-master": "1.0.x-dev"
                }
            },
            "autoload": {
                "psr-4": {
                    "Psr\\Http\\Message\\": "src/"
                }
            },
            "notification-url": "https://packagist.org/downloads/",
            "license": [
                "MIT"
            ],
            "authors": [
                {
                    "name": "PHP-FIG",
                    "homepage": "http://www.php-fig.org/"
                }
            ],
            "description": "Common interface for HTTP messages",
            "homepage": "https://github.com/php-fig/http-message",
            "keywords": [
                "http",
                "http-message",
                "psr",
                "psr-7",
                "request",
                "response"
            ],
            "time": "2016-08-06T14:39:51+00:00"
        },
        {
            "name": "psr/log",
            "version": "1.1.3",
            "source": {
                "type": "git",
                "url": "https://github.com/php-fig/log.git",
                "reference": "0f73288fd15629204f9d42b7055f72dacbe811fc"
            },
            "dist": {
                "type": "zip",
                "url": "https://api.github.com/repos/php-fig/log/zipball/0f73288fd15629204f9d42b7055f72dacbe811fc",
                "reference": "0f73288fd15629204f9d42b7055f72dacbe811fc",
                "shasum": ""
            },
            "require": {
                "php": ">=5.3.0"
            },
            "type": "library",
            "extra": {
                "branch-alias": {
                    "dev-master": "1.1.x-dev"
                }
            },
            "autoload": {
                "psr-4": {
                    "Psr\\Log\\": "Psr/Log/"
                }
            },
            "notification-url": "https://packagist.org/downloads/",
            "license": [
                "MIT"
            ],
            "authors": [
                {
                    "name": "PHP-FIG",
                    "homepage": "http://www.php-fig.org/"
                }
            ],
            "description": "Common interface for logging libraries",
            "homepage": "https://github.com/php-fig/log",
            "keywords": [
                "log",
                "psr",
                "psr-3"
            ],
            "time": "2020-03-23T09:12:05+00:00"
        },
        {
            "name": "psr/simple-cache",
            "version": "1.0.1",
            "source": {
                "type": "git",
                "url": "https://github.com/php-fig/simple-cache.git",
                "reference": "408d5eafb83c57f6365a3ca330ff23aa4a5fa39b"
            },
            "dist": {
                "type": "zip",
                "url": "https://api.github.com/repos/php-fig/simple-cache/zipball/408d5eafb83c57f6365a3ca330ff23aa4a5fa39b",
                "reference": "408d5eafb83c57f6365a3ca330ff23aa4a5fa39b",
                "shasum": ""
            },
            "require": {
                "php": ">=5.3.0"
            },
            "type": "library",
            "extra": {
                "branch-alias": {
                    "dev-master": "1.0.x-dev"
                }
            },
            "autoload": {
                "psr-4": {
                    "Psr\\SimpleCache\\": "src/"
                }
            },
            "notification-url": "https://packagist.org/downloads/",
            "license": [
                "MIT"
            ],
            "authors": [
                {
                    "name": "PHP-FIG",
                    "homepage": "http://www.php-fig.org/"
                }
            ],
            "description": "Common interfaces for simple caching",
            "keywords": [
                "cache",
                "caching",
                "psr",
                "psr-16",
                "simple-cache"
            ],
            "time": "2017-10-23T01:57:42+00:00"
        },
        {
            "name": "symfony/cache",
            "version": "v3.4.47",
            "source": {
                "type": "git",
                "url": "https://github.com/symfony/cache.git",
                "reference": "a7a14c4832760bd1fbd31be2859ffedc9b6ff813"
            },
            "dist": {
                "type": "zip",
                "url": "https://api.github.com/repos/symfony/cache/zipball/a7a14c4832760bd1fbd31be2859ffedc9b6ff813",
                "reference": "a7a14c4832760bd1fbd31be2859ffedc9b6ff813",
                "shasum": ""
            },
            "require": {
                "php": "^5.5.9|>=7.0.8",
                "psr/cache": "~1.0",
                "psr/log": "~1.0",
                "psr/simple-cache": "^1.0",
                "symfony/polyfill-apcu": "~1.1"
            },
            "conflict": {
                "symfony/var-dumper": "<3.3"
            },
            "provide": {
                "psr/cache-implementation": "1.0",
                "psr/simple-cache-implementation": "1.0"
            },
            "require-dev": {
                "cache/integration-tests": "dev-master",
                "doctrine/cache": "^1.6",
                "doctrine/dbal": "^2.4|^3.0",
                "predis/predis": "^1.0"
            },
            "type": "library",
            "autoload": {
                "psr-4": {
                    "Symfony\\Component\\Cache\\": ""
                },
                "exclude-from-classmap": [
                    "/Tests/"
                ]
            },
            "notification-url": "https://packagist.org/downloads/",
            "license": [
                "MIT"
            ],
            "authors": [
                {
                    "name": "Nicolas Grekas",
                    "email": "p@tchwork.com"
                },
                {
                    "name": "Symfony Community",
                    "homepage": "https://symfony.com/contributors"
                }
            ],
            "description": "Symfony Cache component with PSR-6, PSR-16, and tags",
            "homepage": "https://symfony.com",
            "keywords": [
                "caching",
                "psr6"
            ],
            "time": "2020-10-24T10:57:07+00:00"
        },
        {
            "name": "symfony/polyfill-apcu",
            "version": "v1.22.1",
            "source": {
                "type": "git",
                "url": "https://github.com/symfony/polyfill-apcu.git",
                "reference": "bc9974e74f8c05f4ceb500b1e0603e36be7d8223"
            },
            "dist": {
                "type": "zip",
                "url": "https://api.github.com/repos/symfony/polyfill-apcu/zipball/bc9974e74f8c05f4ceb500b1e0603e36be7d8223",
                "reference": "bc9974e74f8c05f4ceb500b1e0603e36be7d8223",
                "shasum": ""
            },
            "require": {
                "php": ">=7.1"
            },
            "type": "library",
            "extra": {
                "branch-alias": {
                    "dev-main": "1.22-dev"
                },
                "thanks": {
                    "name": "symfony/polyfill",
                    "url": "https://github.com/symfony/polyfill"
                }
            },
            "autoload": {
                "psr-4": {
                    "Symfony\\Polyfill\\Apcu\\": ""
                },
                "files": [
                    "bootstrap.php"
                ]
            },
            "notification-url": "https://packagist.org/downloads/",
            "license": [
                "MIT"
            ],
            "authors": [
                {
                    "name": "Nicolas Grekas",
                    "email": "p@tchwork.com"
                },
                {
                    "name": "Symfony Community",
                    "homepage": "https://symfony.com/contributors"
                }
            ],
            "description": "Symfony polyfill backporting apcu_* functions to lower PHP versions",
            "homepage": "https://symfony.com",
            "keywords": [
                "apcu",
                "compatibility",
                "polyfill",
                "portable",
                "shim"
            ],
            "time": "2021-01-22T09:19:47+00:00"
        },
        {
            "name": "symfony/var-dumper",
            "version": "v5.2.3",
            "source": {
                "type": "git",
                "url": "https://github.com/symfony/var-dumper.git",
                "reference": "72ca213014a92223a5d18651ce79ef441c12b694"
            },
            "dist": {
                "type": "zip",
                "url": "https://api.github.com/repos/symfony/var-dumper/zipball/72ca213014a92223a5d18651ce79ef441c12b694",
                "reference": "72ca213014a92223a5d18651ce79ef441c12b694",
                "shasum": ""
            },
            "require": {
                "php": ">=7.2.5",
                "symfony/polyfill-mbstring": "~1.0",
                "symfony/polyfill-php80": "^1.15"
            },
            "conflict": {
                "phpunit/phpunit": "<5.4.3",
                "symfony/console": "<4.4"
            },
            "require-dev": {
                "ext-iconv": "*",
                "symfony/console": "^4.4|^5.0",
                "symfony/process": "^4.4|^5.0",
                "twig/twig": "^2.13|^3.0.4"
            },
            "suggest": {
                "ext-iconv": "To convert non-UTF-8 strings to UTF-8 (or symfony/polyfill-iconv in case ext-iconv cannot be used).",
                "ext-intl": "To show region name in time zone dump",
                "symfony/console": "To use the ServerDumpCommand and/or the bin/var-dump-server script"
            },
            "bin": [
                "Resources/bin/var-dump-server"
            ],
            "type": "library",
            "autoload": {
                "files": [
                    "Resources/functions/dump.php"
                ],
                "psr-4": {
                    "Symfony\\Component\\VarDumper\\": ""
                },
                "exclude-from-classmap": [
                    "/Tests/"
                ]
            },
            "notification-url": "https://packagist.org/downloads/",
            "license": [
                "MIT"
            ],
            "authors": [
                {
                    "name": "Nicolas Grekas",
                    "email": "p@tchwork.com"
                },
                {
                    "name": "Symfony Community",
                    "homepage": "https://symfony.com/contributors"
                }
            ],
            "description": "Provides mechanisms for walking through any arbitrary PHP variable",
            "homepage": "https://symfony.com",
            "keywords": [
                "debug",
                "dump"
            ],
            "time": "2021-01-27T10:15:41+00:00"
        },
        {
            "name": "toin0u/digitalocean-v2",
            "version": "2.3.0",
            "source": {
                "type": "git",
                "url": "https://github.com/DigitalOceanPHP/Client.git",
                "reference": "0e8e134060ba8ed4944ececd0d4b1f7c79313910"
            },
            "dist": {
                "type": "zip",
                "url": "https://api.github.com/repos/DigitalOceanPHP/Client/zipball/0e8e134060ba8ed4944ececd0d4b1f7c79313910",
                "reference": "0e8e134060ba8ed4944ececd0d4b1f7c79313910",
                "shasum": ""
            },
            "require": {
                "php": ">=5.4.0"
            },
            "require-dev": {
                "guzzle/guzzle": "^3.7",
                "guzzlehttp/guzzle": "^5.3|^6.3",
                "kriswallsmith/buzz": "^0.16",
                "phpspec/phpspec": "^2.5"
            },
            "suggest": {
                "guzzle/guzzle": "To use GuzzleAdapter, require guzzle/guzzle:^3.7.",
                "guzzlehttp/guzzle": "To use GuzzleHttpAdapter, require guzzlehttp/guzzle:^5.3|^6.3.",
                "kriswallsmith/buzz": "To use BuzzAdapter, require kriswallsmith/buzz:^0.16."
            },
            "type": "library",
            "extra": {
                "branch-alias": {
                    "dev-master": "2.3-dev"
                }
            },
            "autoload": {
                "psr-4": {
                    "DigitalOceanV2\\": "src/"
                }
            },
            "notification-url": "https://packagist.org/downloads/",
            "license": [
                "MIT"
            ],
            "authors": [
                {
                    "name": "Antoine Corcy",
                    "email": "contact@sbin.dk",
                    "homepage": "http://sbin.dk",
                    "role": "Developer"
                },
                {
                    "name": "Yassir Hannnoun",
                    "email": "yassir.hannoun@gmail.com",
                    "homepage": "https://yassirh.com",
                    "role": "Developer"
                }
            ],
            "description": "DigitalOcean API v2 PHP 5.4+ library",
            "homepage": "https://github.com/toin0u/DigitalOceanV2",
            "keywords": [
                "Cloud Hosting",
                "SSD",
                "api",
                "digitalocean",
                "vps"
            ],
            "time": "2019-01-27T21:16:56+00:00"
        }
    ],
    "packages-dev": [],
    "aliases": [],
    "minimum-stability": "stable",
    "stability-flags": [],
    "prefer-stable": false,
    "prefer-lowest": false,
    "platform": {
        "php": ">=5.9.9"
    },
    "platform-dev": [],
    "plugin-api-version": "1.1.0"
}
